
Microsoft Visual Studio Solution File, Format Version 12.00
# Visual Studio 15
Project("{FAE04EC0-301F-11D3-BF4B-00C04F79EFBC}") = "Sirenix.OdinInspector.CompatibilityLayer.Editor", "Sirenix.OdinInspector.CompatibilityLayer.Editor.csproj", "{735C669E-42AE-9ED4-F55E-51828B93827E}"
EndProject
Project("{FAE04EC0-301F-11D3-BF4B-00C04F79EFBC}") = "Assembly-CSharp", "Assembly-CSharp.csproj", "{65A51A93-32A7-EB2B-83C1-A9F322943FC9}"
EndProject
Project("{FAE04EC0-301F-11D3-BF4B-00C04F79EFBC}") = "Sirenix.OdinInspector.CompatibilityLayer", "Sirenix.OdinInspector.CompatibilityLayer.csproj", "{3B022227-EE44-6396-26DA-7AF440C43757}"
EndProject
Project("{FAE04EC0-301F-11D3-BF4B-00C04F79EFBC}") = "Assembly-CSharp-Editor", "Assembly-CSharp-Editor.csproj", "{6F0B9285-7A09-7AF5-3AF6-7602694D49A5}"
EndProject
Project("{FAE04EC0-301F-11D3-BF4B-00C04F79EFBC}") = "Sirenix.OdinInspector.Modules.UnityMathematics", "Sirenix.OdinInspector.Modules.UnityMathematics.csproj", "{2EA5E4A4-EEA3-B072-6C87-48E598EB9F23}"
EndProject
Global
	GlobalSection(SolutionConfigurationPlatforms) = preSolution
		Debug|Any CPU = Debug|Any CPU
		Release|Any CPU = Release|Any CPU
	EndGlobalSection
	GlobalSection(ProjectConfigurationPlatforms) = postSolution
		{735C669E-42AE-9ED4-F55E-51828B93827E}.Debug|Any CPU.ActiveCfg = Debug|Any CPU
		{735C669E-42AE-9ED4-F55E-51828B93827E}.Debug|Any CPU.Build.0 = Debug|Any CPU
		{735C669E-42AE-9ED4-F55E-51828B93827E}.Release|Any CPU.ActiveCfg = Release|Any CPU
		{735C669E-42AE-9ED4-F55E-51828B93827E}.Release|Any CPU.Build.0 = Release|Any CPU
		{65A51A93-32A7-EB2B-83C1-A9F322943FC9}.Debug|Any CPU.ActiveCfg = Debug|Any CPU
		{65A51A93-32A7-EB2B-83C1-A9F322943FC9}.Debug|Any CPU.Build.0 = Debug|Any CPU
		{65A51A93-32A7-EB2B-83C1-A9F322943FC9}.Release|Any CPU.ActiveCfg = Release|Any CPU
		{65A51A93-32A7-EB2B-83C1-A9F322943FC9}.Release|Any CPU.Build.0 = Release|Any CPU
		{3B022227-EE44-6396-26DA-7AF440C43757}.Debug|Any CPU.ActiveCfg = Debug|Any CPU
		{3B022227-EE44-6396-26DA-7AF440C43757}.Debug|Any CPU.Build.0 = Debug|Any CPU
		{3B022227-EE44-6396-26DA-7AF440C43757}.Release|Any CPU.ActiveCfg = Release|Any CPU
		{3B022227-EE44-6396-26DA-7AF440C43757}.Release|Any CPU.Build.0 = Release|Any CPU
		{6F0B9285-7A09-7AF5-3AF6-7602694D49A5}.Debug|Any CPU.ActiveCfg = Debug|Any CPU
		{6F0B9285-7A09-7AF5-3AF6-7602694D49A5}.Debug|Any CPU.Build.0 = Debug|Any CPU
		{6F0B9285-7A09-7AF5-3AF6-7602694D49A5}.Release|Any CPU.ActiveCfg = Release|Any CPU
		{6F0B9285-7A09-7AF5-3AF6-7602694D49A5}.Release|Any CPU.Build.0 = Release|Any CPU
		{2EA5E4A4-EEA3-B072-6C87-48E598EB9F23}.Debug|Any CPU.ActiveCfg = Debug|Any CPU
		{2EA5E4A4-EEA3-B072-6C87-48E598EB9F23}.Debug|Any CPU.Build.0 = Debug|Any CPU
		{2EA5E4A4-EEA3-B072-6C87-48E598EB9F23}.Release|Any CPU.ActiveCfg = Release|Any CPU
		{2EA5E4A4-EEA3-B072-6C87-48E598EB9F23}.Release|Any CPU.Build.0 = Release|Any CPU
	EndGlobalSection
	GlobalSection(SolutionProperties) = preSolution
		HideSolutionNode = FALSE
	EndGlobalSection
EndGlobal
